
Microsoft Visual Studio Solution File, Format Version 12.00
# Visual Studio 15
VisualStudioVersion = 15.0.28307.1145
MinimumVisualStudioVersion = 10.0.40219.1
Project("{FAE04EC0-301F-11D3-BF4B-00C04F79EFBC}") = "MVC4ACAD", "MVC4ACAD\MVC4ACAD.csproj", "{1D71FF2B-295A-4C50-98D9-344BADB358AA}"
EndProject
Global
	GlobalSection(SolutionConfigurationPlatforms) = preSolution
		Debug|Any CPU = Debug|Any CPU
		Release|Any CPU = Release|Any CPU
	EndGlobalSection
	GlobalSection(ProjectConfigurationPlatforms) = postSolution
		{1D71FF2B-295A-4C50-98D9-344BADB358AA}.Debug|Any CPU.ActiveCfg = Debug|Any CPU
		{1D71FF2B-295A-4C50-98D9-344BADB358AA}.Debug|Any CPU.Build.0 = Debug|Any CPU
		{1D71FF2B-295A-4C50-98D9-344BADB358AA}.Release|Any CPU.ActiveCfg = Release|Any CPU
		{1D71FF2B-295A-4C50-98D9-344BADB358AA}.Release|Any CPU.Build.0 = Release|Any CPU
	EndGlobalSection
	GlobalSection(SolutionProperties) = preSolution
		HideSolutionNode = FALSE
	EndGlobalSection
	GlobalSection(ExtensibilityGlobals) = postSolution
		SolutionGuid = {A28A2CA9-1079-4A4F-8B48-F92E83E7ABB4}
	EndGlobalSection
EndGlobal
